
Microsoft Visual Studio Solution File, Format Version 12.00
# Visual Studio Version 17
VisualStudioVersion = 17.11.35222.181
MinimumVisualStudioVersion = 10.0.40219.1
Project("{FAE04EC0-301F-11D3-BF4B-00C04F79EFBC}") = "Apis", "Apis\Apis.csproj", "{9701618E-A46C-473E-BDB2-7E3373AE2AA5}"
EndProject
Project("{FAE04EC0-301F-11D3-BF4B-00C04F79EFBC}") = "Data", "Data\Data.csproj", "{280EB2AC-1FB7-4C85-BC68-1B930056864D}"
EndProject
Project("{FAE04EC0-301F-11D3-BF4B-00C04F79EFBC}") = "Application", "Application\Application.csproj", "{9DE4956F-C366-405E-BC80-0A6271B72074}"
EndProject
Project("{FAE04EC0-301F-11D3-BF4B-00C04F79EFBC}") = "Contracts", "Contracts\Contracts.csproj", "{DFBEF708-1DB9-4EDE-AFB0-E1FEB2259630}"
EndProject
Project("{FAE04EC0-301F-11D3-BF4B-00C04F79EFBC}") = "Domain", "Domain\Domain.csproj", "{A65C5BD9-5F2D-4465-BC4D-2B7CB0BC0DE4}"
EndProject
Global
	GlobalSection(SolutionConfigurationPlatforms) = preSolution
		Debug|Any CPU = Debug|Any CPU
		Release|Any CPU = Release|Any CPU
	EndGlobalSection
	GlobalSection(ProjectConfigurationPlatforms) = postSolution
		{9701618E-A46C-473E-BDB2-7E3373AE2AA5}.Debug|Any CPU.ActiveCfg = Debug|Any CPU
		{9701618E-A46C-473E-BDB2-7E3373AE2AA5}.Debug|Any CPU.Build.0 = Debug|Any CPU
		{9701618E-A46C-473E-BDB2-7E3373AE2AA5}.Release|Any CPU.ActiveCfg = Release|Any CPU
		{9701618E-A46C-473E-BDB2-7E3373AE2AA5}.Release|Any CPU.Build.0 = Release|Any CPU
		{280EB2AC-1FB7-4C85-BC68-1B930056864D}.Debug|Any CPU.ActiveCfg = Debug|Any CPU
		{280EB2AC-1FB7-4C85-BC68-1B930056864D}.Debug|Any CPU.Build.0 = Debug|Any CPU
		{280EB2AC-1FB7-4C85-BC68-1B930056864D}.Release|Any CPU.ActiveCfg = Release|Any CPU
		{280EB2AC-1FB7-4C85-BC68-1B930056864D}.Release|Any CPU.Build.0 = Release|Any CPU
		{9DE4956F-C366-405E-BC80-0A6271B72074}.Debug|Any CPU.ActiveCfg = Debug|Any CPU
		{9DE4956F-C366-405E-BC80-0A6271B72074}.Debug|Any CPU.Build.0 = Debug|Any CPU
		{9DE4956F-C366-405E-BC80-0A6271B72074}.Release|Any CPU.ActiveCfg = Release|Any CPU
		{9DE4956F-C366-405E-BC80-0A6271B72074}.Release|Any CPU.Build.0 = Release|Any CPU
		{DFBEF708-1DB9-4EDE-AFB0-E1FEB2259630}.Debug|Any CPU.ActiveCfg = Debug|Any CPU
		{DFBEF708-1DB9-4EDE-AFB0-E1FEB2259630}.Debug|Any CPU.Build.0 = Debug|Any CPU
		{DFBEF708-1DB9-4EDE-AFB0-E1FEB2259630}.Release|Any CPU.ActiveCfg = Release|Any CPU
		{DFBEF708-1DB9-4EDE-AFB0-E1FEB2259630}.Release|Any CPU.Build.0 = Release|Any CPU
		{A65C5BD9-5F2D-4465-BC4D-2B7CB0BC0DE4}.Debug|Any CPU.ActiveCfg = Debug|Any CPU
		{A65C5BD9-5F2D-4465-BC4D-2B7CB0BC0DE4}.Debug|Any CPU.Build.0 = Debug|Any CPU
		{A65C5BD9-5F2D-4465-BC4D-2B7CB0BC0DE4}.Release|Any CPU.ActiveCfg = Release|Any CPU
		{A65C5BD9-5F2D-4465-BC4D-2B7CB0BC0DE4}.Release|Any CPU.Build.0 = Release|Any CPU
	EndGlobalSection
	GlobalSection(SolutionProperties) = preSolution
		HideSolutionNode = FALSE
	EndGlobalSection
	GlobalSection(ExtensibilityGlobals) = postSolution
		SolutionGuid = {4CCF27C5-B32B-44B0-8517-D7AB043A983B}
	EndGlobalSection
EndGlobal
